
Microsoft Visual Studio Solution File, Format Version 12.00
# Visual Studio Version 16
VisualStudioVersion = 16.0.32802.440
MinimumVisualStudioVersion = 10.0.40219.1
Project("{8BC9CEB8-8B4A-11D0-8D11-00A0C91BC942}") = "GameClient", "GameClient\GameClient\GameClient.vcxproj", "{9A3E547B-5FCE-488F-B9A3-EE3A2702E77B}"
	ProjectSection(ProjectDependencies) = postProject
		{4D0B0739-69A6-46A9-918F-F3AB600228D0} = {4D0B0739-69A6-46A9-918F-F3AB600228D0}
		{2557EE67-915D-4C63-A17F-8C629073525F} = {2557EE67-915D-4C63-A17F-8C629073525F}
		{31428BB0-E131-4C43-BBB6-552F97BCD8CB} = {31428BB0-E131-4C43-BBB6-552F97BCD8CB}
		{9BC42FCE-8E43-4EB1-AD26-8C005CE8EFB8} = {9BC42FCE-8E43-4EB1-AD26-8C005CE8EFB8}
	EndProjectSection
EndProject
Project("{8BC9CEB8-8B4A-11D0-8D11-00A0C91BC942}") = "GraphicsEngine_DX11", "GraphicsEngine_DX11\GraphicsEngine_DX11.vcxproj", "{4D0B0739-69A6-46A9-918F-F3AB600228D0}"
EndProject
Project("{8BC9CEB8-8B4A-11D0-8D11-00A0C91BC942}") = "Game_Engine", "Game_Engine\Game_Engine\Game_Engine.vcxproj", "{2557EE67-915D-4C63-A17F-8C629073525F}"
EndProject
Project("{8BC9CEB8-8B4A-11D0-8D11-00A0C91BC942}") = "ASEParser", "ASEParser\ASEParser\ASEParser.vcxproj", "{9BC42FCE-8E43-4EB1-AD26-8C005CE8EFB8}"
EndProject
Project("{8BC9CEB8-8B4A-11D0-8D11-00A0C91BC942}") = "FBXParser", "FBXParser\FBXParser\FBXParser.vcxproj", "{31428BB0-E131-4C43-BBB6-552F97BCD8CB}"
EndProject
Global
	GlobalSection(SolutionConfigurationPlatforms) = preSolution
		Debug|x64 = Debug|x64
		Debug|x86 = Debug|x86
		Release|x64 = Release|x64
		Release|x86 = Release|x86
	EndGlobalSection
	GlobalSection(ProjectConfigurationPlatforms) = postSolution
		{9A3E547B-5FCE-488F-B9A3-EE3A2702E77B}.Debug|x64.ActiveCfg = Debug|x64
		{9A3E547B-5FCE-488F-B9A3-EE3A2702E77B}.Debug|x64.Build.0 = Debug|x64
		{9A3E547B-5FCE-488F-B9A3-EE3A2702E77B}.Debug|x86.ActiveCfg = Debug|Win32
		{9A3E547B-5FCE-488F-B9A3-EE3A2702E77B}.Debug|x86.Build.0 = Debug|Win32
		{9A3E547B-5FCE-488F-B9A3-EE3A2702E77B}.Release|x64.ActiveCfg = Release|x64
		{9A3E547B-5FCE-488F-B9A3-EE3A2702E77B}.Release|x64.Build.0 = Release|x64
		{9A3E547B-5FCE-488F-B9A3-EE3A2702E77B}.Release|x86.ActiveCfg = Release|Win32
		{9A3E547B-5FCE-488F-B9A3-EE3A2702E77B}.Release|x86.Build.0 = Release|Win32
		{4D0B0739-69A6-46A9-918F-F3AB600228D0}.Debug|x64.ActiveCfg = Debug|x64
		{4D0B0739-69A6-46A9-918F-F3AB600228D0}.Debug|x64.Build.0 = Debug|x64
		{4D0B0739-69A6-46A9-918F-F3AB600228D0}.Debug|x86.ActiveCfg = Debug|Win32
		{4D0B0739-69A6-46A9-918F-F3AB600228D0}.Debug|x86.Build.0 = Debug|Win32
		{4D0B0739-69A6-46A9-918F-F3AB600228D0}.Release|x64.ActiveCfg = Release|x64
		{4D0B0739-69A6-46A9-918F-F3AB600228D0}.Release|x64.Build.0 = Release|x64
		{4D0B0739-69A6-46A9-918F-F3AB600228D0}.Release|x86.ActiveCfg = Release|Win32
		{4D0B0739-69A6-46A9-918F-F3AB600228D0}.Release|x86.Build.0 = Release|Win32
		{2557EE67-915D-4C63-A17F-8C629073525F}.Debug|x64.ActiveCfg = Debug|x64
		{2557EE67-915D-4C63-A17F-8C629073525F}.Debug|x64.Build.0 = Debug|x64
		{2557EE67-915D-4C63-A17F-8C629073525F}.Debug|x86.ActiveCfg = Debug|Win32
		{2557EE67-915D-4C63-A17F-8C629073525F}.Debug|x86.Build.0 = Debug|Win32
		{2557EE67-915D-4C63-A17F-8C629073525F}.Release|x64.ActiveCfg = Release|x64
		{2557EE67-915D-4C63-A17F-8C629073525F}.Release|x64.Build.0 = Release|x64
		{2557EE67-915D-4C63-A17F-8C629073525F}.Release|x86.ActiveCfg = Release|Win32
		{2557EE67-915D-4C63-A17F-8C629073525F}.Release|x86.Build.0 = Release|Win32
		{9BC42FCE-8E43-4EB1-AD26-8C005CE8EFB8}.Debug|x64.ActiveCfg = Debug|x64
		{9BC42FCE-8E43-4EB1-AD26-8C005CE8EFB8}.Debug|x64.Build.0 = Debug|x64
		{9BC42FCE-8E43-4EB1-AD26-8C005CE8EFB8}.Debug|x86.ActiveCfg = Debug|Win32
		{9BC42FCE-8E43-4EB1-AD26-8C005CE8EFB8}.Debug|x86.Build.0 = Debug|Win32
		{9BC42FCE-8E43-4EB1-AD26-8C005CE8EFB8}.Release|x64.ActiveCfg = Release|x64
		{9BC42FCE-8E43-4EB1-AD26-8C005CE8EFB8}.Release|x64.Build.0 = Release|x64
		{9BC42FCE-8E43-4EB1-AD26-8C005CE8EFB8}.Release|x86.ActiveCfg = Release|Win32
		{9BC42FCE-8E43-4EB1-AD26-8C005CE8EFB8}.Release|x86.Build.0 = Release|Win32
		{31428BB0-E131-4C43-BBB6-552F97BCD8CB}.Debug|x64.ActiveCfg = Debug|x64
		{31428BB0-E131-4C43-BBB6-552F97BCD8CB}.Debug|x64.Build.0 = Debug|x64
		{31428BB0-E131-4C43-BBB6-552F97BCD8CB}.Debug|x86.ActiveCfg = Debug|Win32
		{31428BB0-E131-4C43-BBB6-552F97BCD8CB}.Debug|x86.Build.0 = Debug|Win32
		{31428BB0-E131-4C43-BBB6-552F97BCD8CB}.Release|x64.ActiveCfg = Release|x64
		{31428BB0-E131-4C43-BBB6-552F97BCD8CB}.Release|x64.Build.0 = Release|x64
		{31428BB0-E131-4C43-BBB6-552F97BCD8CB}.Release|x86.ActiveCfg = Release|Win32
		{31428BB0-E131-4C43-BBB6-552F97BCD8CB}.Release|x86.Build.0 = Release|Win32
	EndGlobalSection
	GlobalSection(SolutionProperties) = preSolution
		HideSolutionNode = FALSE
	EndGlobalSection
	GlobalSection(ExtensibilityGlobals) = postSolution
		SolutionGuid = {59357050-41E2-45F5-B2B0-FE73588CCF40}
	EndGlobalSection
EndGlobal
