<?xml version="1.0" encoding="utf-8"?>
<Project ToolsVersion="4.0" xmlns="http://schemas.microsoft.com/developer/msbuild/2003">
  <ItemGroup>
    <Filter Include="pch">
      <UniqueIdentifier>{1d9f32b0-213e-401e-aa2f-05eccf53267c}</UniqueIdentifier>
    </Filter>
    <Filter Include="dllmain">
      <UniqueIdentifier>{2526430b-3841-4214-83fd-de1e81075edd}</UniqueIdentifier>
    </Filter>
    <Filter Include="Core">
      <UniqueIdentifier>{3ec9d53c-c910-42f9-a6d7-9e8a0d138635}</UniqueIdentifier>
    </Filter>
    <Filter Include="Manager">
      <UniqueIdentifier>{61a1f9b8-f0e7-45b2-8e92-352501449985}</UniqueIdentifier>
    </Filter>
    <Filter Include="Components">
      <UniqueIdentifier>{0a1e4b0f-7b98-4712-9ef8-07b5925bfe81}</UniqueIdentifier>
    </Filter>
    <Filter Include="Components\ComponentBase">
      <UniqueIdentifier>{43625f69-00b7-477b-8003-ab2a0364ea3a}</UniqueIdentifier>
    </Filter>
    <Filter Include="GameObject">
      <UniqueIdentifier>{6fcca4ce-9f2c-4c29-a72f-3875c24f1377}</UniqueIdentifier>
    </Filter>
    <Filter Include="Components\MonoBehaviour">
      <UniqueIdentifier>{fa8a7fc5-a7c2-46b6-b134-a8f6ba45a15e}</UniqueIdentifier>
    </Filter>
    <Filter Include="Components\Camera">
      <UniqueIdentifier>{82de42cd-b822-468d-9a04-85bf8275c696}</UniqueIdentifier>
    </Filter>
    <Filter Include="Components\Light">
      <UniqueIdentifier>{d43afc06-0291-4140-a25d-43c00ccc73dc}</UniqueIdentifier>
    </Filter>
    <Filter Include="Components\Text">
      <UniqueIdentifier>{d85e63f3-d203-4ac3-82a4-3982ecbfea87}</UniqueIdentifier>
    </Filter>
    <Filter Include="Components\Transform">
      <UniqueIdentifier>{f528f599-de6c-49e3-b8f2-ca26d3aaf8d3}</UniqueIdentifier>
    </Filter>
    <Filter Include="Components\UI">
      <UniqueIdentifier>{bab4dc22-0a71-40d5-8f3a-58495d89a02e}</UniqueIdentifier>
    </Filter>
    <Filter Include="Utils">
      <UniqueIdentifier>{09f4ae3c-5530-47c1-8ec3-45f905da376c}</UniqueIdentifier>
    </Filter>
    <Filter Include="Scene">
      <UniqueIdentifier>{bf4ec7a1-6cf6-4632-a13f-b75db7326ad0}</UniqueIdentifier>
    </Filter>
    <Filter Include="Components\MeshRenderer">
      <UniqueIdentifier>{5fbef701-3e85-48e3-afc5-d952a1a86feb}</UniqueIdentifier>
    </Filter>
    <Filter Include="Components\Animator">
      <UniqueIdentifier>{8b29c4a3-aaf7-41c0-b66e-87f07410d52a}</UniqueIdentifier>
    </Filter>
  </ItemGroup>
  <ItemGroup>
    <ClInclude Include="pch.h">
      <Filter>pch</Filter>
    </ClInclude>
    <ClInclude Include="GameEngineDLL.h">
      <Filter>Core</Filter>
    </ClInclude>
    <ClInclude Include="GameEngine_Interface.h">
      <Filter>Core</Filter>
    </ClInclude>
    <ClInclude Include="GameEngine.h">
      <Filter>Core</Filter>
    </ClInclude>
    <ClInclude Include="GraphicsManager.h">
      <Filter>Manager</Filter>
    </ClInclude>
    <ClInclude Include="Component.h">
      <Filter>Components\ComponentBase</Filter>
    </ClInclude>
    <ClInclude Include="GameObject.h">
      <Filter>GameObject</Filter>
    </ClInclude>
    <ClInclude Include="MonoBehaviour.h">
      <Filter>Components\MonoBehaviour</Filter>
    </ClInclude>
    <ClInclude Include="TimeManager.h">
      <Filter>Manager</Filter>
    </ClInclude>
    <ClInclude Include="InputManager.h">
      <Filter>Manager</Filter>
    </ClInclude>
    <ClInclude Include="Camera.h">
      <Filter>Components\Camera</Filter>
    </ClInclude>
    <ClInclude Include="AlignedAllocationPolicy.h">
      <Filter>Utils</Filter>
    </ClInclude>
    <ClInclude Include="Transform.h">
      <Filter>Components\Transform</Filter>
    </ClInclude>
    <ClInclude Include="SceneManager.h">
      <Filter>Manager</Filter>
    </ClInclude>
    <ClInclude Include="Scene.h">
      <Filter>Scene</Filter>
    </ClInclude>
    <ClInclude Include="UI.h">
      <Filter>Components\UI</Filter>
    </ClInclude>
    <ClInclude Include="Text.h">
      <Filter>Components\Text</Filter>
    </ClInclude>
    <ClInclude Include="MeshRenderer.h">
      <Filter>Components\MeshRenderer</Filter>
    </ClInclude>
    <ClInclude Include="Resources.h">
      <Filter>Manager</Filter>
    </ClInclude>
    <ClInclude Include="Light.h">
      <Filter>Components\Light</Filter>
    </ClInclude>
    <ClInclude Include="Animator.h">
      <Filter>Components\Animator</Filter>
    </ClInclude>
  </ItemGroup>
  <ItemGroup>
    <ClCompile Include="pch.cpp">
      <Filter>pch</Filter>
    </ClCompile>
    <ClCompile Include="dllmain.cpp">
      <Filter>dllmain</Filter>
    </ClCompile>
    <ClCompile Include="GameEngine_Interface.cpp">
      <Filter>Core</Filter>
    </ClCompile>
    <ClCompile Include="GameEngine.cpp">
      <Filter>Core</Filter>
    </ClCompile>
    <ClCompile Include="GraphicsManager.cpp">
      <Filter>Manager</Filter>
    </ClCompile>
    <ClCompile Include="Component.cpp">
      <Filter>Components\ComponentBase</Filter>
    </ClCompile>
    <ClCompile Include="GameObject.cpp">
      <Filter>GameObject</Filter>
    </ClCompile>
    <ClCompile Include="MonoBehaviour.cpp">
      <Filter>Components\MonoBehaviour</Filter>
    </ClCompile>
    <ClCompile Include="TimeManager.cpp">
      <Filter>Manager</Filter>
    </ClCompile>
    <ClCompile Include="InputManager.cpp">
      <Filter>Manager</Filter>
    </ClCompile>
    <ClCompile Include="Camera.cpp">
      <Filter>Components\Camera</Filter>
    </ClCompile>
    <ClCompile Include="Transform.cpp">
      <Filter>Components\Transform</Filter>
    </ClCompile>
    <ClCompile Include="SceneManager.cpp">
      <Filter>Manager</Filter>
    </ClCompile>
    <ClCompile Include="Scene.cpp">
      <Filter>Scene</Filter>
    </ClCompile>
    <ClCompile Include="UI.cpp">
      <Filter>Components\UI</Filter>
    </ClCompile>
    <ClCompile Include="Text.cpp">
      <Filter>Components\Text</Filter>
    </ClCompile>
    <ClCompile Include="MeshRenderer.cpp">
      <Filter>Components\MeshRenderer</Filter>
    </ClCompile>
    <ClCompile Include="Resources.cpp">
      <Filter>Manager</Filter>
    </ClCompile>
    <ClCompile Include="Light.cpp">
      <Filter>Components\Light</Filter>
    </ClCompile>
    <ClCompile Include="Animator.cpp">
      <Filter>Components\Animator</Filter>
    </ClCompile>
  </ItemGroup>
  <ItemGroup>
    <None Include="cpp.hint" />
  </ItemGroup>
</Project>