<?xml version="1.0" encoding="utf-8"?>
<Project ToolsVersion="4.0" xmlns="http://schemas.microsoft.com/developer/msbuild/2003">
  <ItemGroup>
    <Filter Include="Utils">
      <UniqueIdentifier>{93995380-89BD-4b04-88EB-625FBE52EBFB}</UniqueIdentifier>
      <Extensions>h;hh;hpp;hxx;h++;hm;inl;inc;ipp;xsd</Extensions>
    </Filter>
    <Filter Include="Utils\DLLMain">
      <UniqueIdentifier>{fae231ad-f2a7-4250-a8a5-77c91e79719c}</UniqueIdentifier>
    </Filter>
    <Filter Include="Core">
      <UniqueIdentifier>{3e8f1a9c-fbe3-4af7-b50b-8d7cee62a749}</UniqueIdentifier>
    </Filter>
  </ItemGroup>
  <ItemGroup>
    <ClInclude Include="pch.h">
      <Filter>Utils</Filter>
    </ClInclude>
    <ClInclude Include="EnginePch.h">
      <Filter>Utils</Filter>
    </ClInclude>
    <ClInclude Include="Graphics_Interface.h">
      <Filter>Core</Filter>
    </ClInclude>
    <ClInclude Include="GraphicsEngine_DX11.h">
      <Filter>Core</Filter>
    </ClInclude>
    <ClInclude Include="GraphicsEngineDLL.h">
      <Filter>Core</Filter>
    </ClInclude>
    <ClInclude Include="WindowInfo.h">
      <Filter>Core</Filter>
    </ClInclude>
    <ClInclude Include="Device.h">
      <Filter>Core</Filter>
    </ClInclude>
  </ItemGroup>
  <ItemGroup>
    <ClCompile Include="EnginePch.cpp">
      <Filter>Utils</Filter>
    </ClCompile>
    <ClCompile Include="dllmain.cpp">
      <Filter>Utils\DLLMain</Filter>
    </ClCompile>
    <ClCompile Include="pch.cpp">
      <Filter>Utils</Filter>
    </ClCompile>
    <ClCompile Include="Graphics_Interface.cpp">
      <Filter>Core</Filter>
    </ClCompile>
    <ClCompile Include="GraphicsEngine_DX11.cpp">
      <Filter>Core</Filter>
    </ClCompile>
    <ClCompile Include="Device.cpp">
      <Filter>Core</Filter>
    </ClCompile>
  </ItemGroup>
</Project>