<?xml version="1.0" encoding="utf-8"?>
<Project ToolsVersion="4.0" xmlns="http://schemas.microsoft.com/developer/msbuild/2003">
  <ItemGroup>
    <Filter Include="Utils">
      <UniqueIdentifier>{93995380-89BD-4b04-88EB-625FBE52EBFB}</UniqueIdentifier>
      <Extensions>h;hh;hpp;hxx;h++;hm;inl;inc;ipp;xsd</Extensions>
    </Filter>
    <Filter Include="Utils\DLLMain">
      <UniqueIdentifier>{fae231ad-f2a7-4250-a8a5-77c91e79719c}</UniqueIdentifier>
    </Filter>
    <Filter Include="Core">
      <UniqueIdentifier>{3e8f1a9c-fbe3-4af7-b50b-8d7cee62a749}</UniqueIdentifier>
    </Filter>
    <Filter Include="Manager">
      <UniqueIdentifier>{482951d7-d80a-426f-b206-5e92c45d7669}</UniqueIdentifier>
    </Filter>
    <Filter Include="Export">
      <UniqueIdentifier>{3bb40674-fc55-4211-89a9-6949d48f80ff}</UniqueIdentifier>
    </Filter>
    <Filter Include="Resources">
      <UniqueIdentifier>{08fa4b76-6719-457b-9d27-3254545f6853}</UniqueIdentifier>
    </Filter>
    <Filter Include="Shader">
      <UniqueIdentifier>{690a0eef-8a51-443b-96b1-99a5053f022b}</UniqueIdentifier>
    </Filter>
    <Filter Include="Shader\Define">
      <UniqueIdentifier>{ff0a88c4-55c6-487e-b377-b4e22d512b76}</UniqueIdentifier>
    </Filter>
    <Filter Include="Shader\HLSL">
      <UniqueIdentifier>{d12ce04e-d0fa-4a43-a1f4-b39778ffcf7f}</UniqueIdentifier>
    </Filter>
    <Filter Include="Shader\ShaderBase">
      <UniqueIdentifier>{f4b3cc69-a9a4-4344-aa74-f2b9b26938fd}</UniqueIdentifier>
    </Filter>
    <Filter Include="Shader\Pass">
      <UniqueIdentifier>{adb446a2-09dc-43ce-a332-7216208eae9e}</UniqueIdentifier>
    </Filter>
    <Filter Include="Shader\VertexShader">
      <UniqueIdentifier>{a405c9d0-b9f2-4edf-9127-51697819793d}</UniqueIdentifier>
    </Filter>
    <Filter Include="Shader\PixelShader">
      <UniqueIdentifier>{871447cc-3401-46c1-bc5f-9d443299b856}</UniqueIdentifier>
    </Filter>
    <Filter Include="Shader\ShaderResource">
      <UniqueIdentifier>{07508f74-3f57-4d6b-bf55-119b16b8d66f}</UniqueIdentifier>
    </Filter>
    <Filter Include="Shader\Pass\Shadow">
      <UniqueIdentifier>{b7b3ba5c-cb46-4fab-a844-91d571c48dd1}</UniqueIdentifier>
    </Filter>
    <Filter Include="Shader\Pass\Deferred">
      <UniqueIdentifier>{5d4ca583-484e-46dc-acfd-c25aaf7fb13d}</UniqueIdentifier>
    </Filter>
    <Filter Include="Shader\Pass\SSAO">
      <UniqueIdentifier>{9a58d98e-087b-4a7d-b174-8686a980204e}</UniqueIdentifier>
    </Filter>
    <Filter Include="Shader\Pass\PostProcessing">
      <UniqueIdentifier>{b35aa459-ed57-40c1-9739-59d2ba5dc62a}</UniqueIdentifier>
    </Filter>
    <Filter Include="Shader\Pass\Alpha">
      <UniqueIdentifier>{3cbd1dfc-a691-4048-a06e-cc9823ab57e5}</UniqueIdentifier>
    </Filter>
    <Filter Include="Shader\Pass\UI">
      <UniqueIdentifier>{5d1ef5fd-aa73-486c-8b3f-7c7503ea00d5}</UniqueIdentifier>
    </Filter>
    <Filter Include="Shader\Pass\Text">
      <UniqueIdentifier>{a75f7eb4-3f16-47e9-9311-618b1fb89deb}</UniqueIdentifier>
    </Filter>
    <Filter Include="Shader\Pass\PassBase">
      <UniqueIdentifier>{8d75046d-c6e1-4093-ade9-7c5442a7fa30}</UniqueIdentifier>
    </Filter>
    <Filter Include="Shader\Pass\Light">
      <UniqueIdentifier>{4016d365-60d7-4dcc-9ae6-af9a0b4d00db}</UniqueIdentifier>
    </Filter>
    <Filter Include="Shader\Pass\Final">
      <UniqueIdentifier>{7cfc4bfe-41d9-4741-bad3-826127eecf48}</UniqueIdentifier>
    </Filter>
  </ItemGroup>
  <ItemGroup>
    <ClInclude Include="pch.h">
      <Filter>Utils</Filter>
    </ClInclude>
    <ClInclude Include="EnginePch.h">
      <Filter>Utils</Filter>
    </ClInclude>
    <ClInclude Include="Graphics_Interface.h">
      <Filter>Core</Filter>
    </ClInclude>
    <ClInclude Include="GraphicsEngine_DX11.h">
      <Filter>Core</Filter>
    </ClInclude>
    <ClInclude Include="GraphicsEngineDLL.h">
      <Filter>Core</Filter>
    </ClInclude>
    <ClInclude Include="WindowInfo.h">
      <Filter>Core</Filter>
    </ClInclude>
    <ClInclude Include="Device.h">
      <Filter>Core</Filter>
    </ClInclude>
    <ClInclude Include="DepthStencilState.h">
      <Filter>Core</Filter>
    </ClInclude>
    <ClInclude Include="SwapChain.h">
      <Filter>Core</Filter>
    </ClInclude>
    <ClInclude Include="RasterizerState.h">
      <Filter>Core</Filter>
    </ClInclude>
    <ClInclude Include="RenderTargetView.h">
      <Filter>Core</Filter>
    </ClInclude>
    <ClInclude Include="BlendState.h">
      <Filter>Core</Filter>
    </ClInclude>
    <ClInclude Include="LightManager.h">
      <Filter>Manager</Filter>
    </ClInclude>
    <ClInclude Include="RenderManager.h">
      <Filter>Manager</Filter>
    </ClInclude>
    <ClInclude Include="ConstantBufferDefine.h">
      <Filter>Shader\Define</Filter>
    </ClInclude>
    <ClInclude Include="SamplerStateDefine.h">
      <Filter>Shader\Define</Filter>
    </ClInclude>
    <ClInclude Include="VertexDefine.h">
      <Filter>Shader\Define</Filter>
    </ClInclude>
    <ClInclude Include="Graphics_PerFrameData.h">
      <Filter>Export</Filter>
    </ClInclude>
    <ClInclude Include="ResourceManager.h">
      <Filter>Manager</Filter>
    </ClInclude>
    <ClInclude Include="Texture.h">
      <Filter>Resources</Filter>
    </ClInclude>
    <ClInclude Include="Mesh.h">
      <Filter>Resources</Filter>
    </ClInclude>
    <ClInclude Include="ShaderManager.h">
      <Filter>Manager</Filter>
    </ClInclude>
    <ClInclude Include="ShaderBase.h">
      <Filter>Shader\ShaderBase</Filter>
    </ClInclude>
    <ClInclude Include="ShaderResource.h">
      <Filter>Shader\ShaderResource</Filter>
    </ClInclude>
    <ClInclude Include="VertexShader.h">
      <Filter>Shader\VertexShader</Filter>
    </ClInclude>
    <ClInclude Include="PixelShader.h">
      <Filter>Shader\PixelShader</Filter>
    </ClInclude>
    <ClInclude Include="Graphics_RenderingData.h">
      <Filter>Export</Filter>
    </ClInclude>
    <ClInclude Include="DeferredPass.h">
      <Filter>Shader\Pass\Deferred</Filter>
    </ClInclude>
    <ClInclude Include="PassBase.h">
      <Filter>Shader\Pass\PassBase</Filter>
    </ClInclude>
    <ClInclude Include="ViewPort.h">
      <Filter>Core</Filter>
    </ClInclude>
    <ClInclude Include="LightPass.h">
      <Filter>Shader\Pass\Light</Filter>
    </ClInclude>
    <ClInclude Include="DepthStencilView.h">
      <Filter>Core</Filter>
    </ClInclude>
    <ClInclude Include="FinalPass.h">
      <Filter>Shader\Pass\Final</Filter>
    </ClInclude>
  </ItemGroup>
  <ItemGroup>
    <ClCompile Include="EnginePch.cpp">
      <Filter>Utils</Filter>
    </ClCompile>
    <ClCompile Include="dllmain.cpp">
      <Filter>Utils\DLLMain</Filter>
    </ClCompile>
    <ClCompile Include="pch.cpp">
      <Filter>Utils</Filter>
    </ClCompile>
    <ClCompile Include="Graphics_Interface.cpp">
      <Filter>Core</Filter>
    </ClCompile>
    <ClCompile Include="GraphicsEngine_DX11.cpp">
      <Filter>Core</Filter>
    </ClCompile>
    <ClCompile Include="Device.cpp">
      <Filter>Core</Filter>
    </ClCompile>
    <ClCompile Include="DepthStencilState.cpp">
      <Filter>Core</Filter>
    </ClCompile>
    <ClCompile Include="SwapChain.cpp">
      <Filter>Core</Filter>
    </ClCompile>
    <ClCompile Include="RasterizerState.cpp">
      <Filter>Core</Filter>
    </ClCompile>
    <ClCompile Include="RenderTargetView.cpp">
      <Filter>Core</Filter>
    </ClCompile>
    <ClCompile Include="BlendState.cpp">
      <Filter>Core</Filter>
    </ClCompile>
    <ClCompile Include="LightManager.cpp">
      <Filter>Manager</Filter>
    </ClCompile>
    <ClCompile Include="RenderManager.cpp">
      <Filter>Manager</Filter>
    </ClCompile>
    <ClCompile Include="ResourceManager.cpp">
      <Filter>Manager</Filter>
    </ClCompile>
    <ClCompile Include="Texture.cpp">
      <Filter>Resources</Filter>
    </ClCompile>
    <ClCompile Include="Mesh.cpp">
      <Filter>Resources</Filter>
    </ClCompile>
    <ClCompile Include="ShaderManager.cpp">
      <Filter>Manager</Filter>
    </ClCompile>
    <ClCompile Include="ShaderBase.cpp">
      <Filter>Shader\ShaderBase</Filter>
    </ClCompile>
    <ClCompile Include="ShaderResource.cpp">
      <Filter>Shader\ShaderResource</Filter>
    </ClCompile>
    <ClCompile Include="VertexShader.cpp">
      <Filter>Shader\VertexShader</Filter>
    </ClCompile>
    <ClCompile Include="PixelShader.cpp">
      <Filter>Shader\PixelShader</Filter>
    </ClCompile>
    <ClCompile Include="DeferredPass.cpp">
      <Filter>Shader\Pass\Deferred</Filter>
    </ClCompile>
    <ClCompile Include="PassBase.cpp">
      <Filter>Shader\Pass\PassBase</Filter>
    </ClCompile>
    <ClCompile Include="ViewPort.cpp">
      <Filter>Core</Filter>
    </ClCompile>
    <ClCompile Include="LightPass.cpp">
      <Filter>Shader\Pass\Light</Filter>
    </ClCompile>
    <ClCompile Include="DepthStencilView.cpp">
      <Filter>Core</Filter>
    </ClCompile>
    <ClCompile Include="FinalPass.cpp">
      <Filter>Shader\Pass\Final</Filter>
    </ClCompile>
  </ItemGroup>
  <ItemGroup>
    <FxCompile Include="..\GameClient\GameClient\Data\Shader\Model_VS.hlsl">
      <Filter>Shader\HLSL</Filter>
    </FxCompile>
    <FxCompile Include="..\GameClient\GameClient\Data\Shader\Model_PS.hlsl">
      <Filter>Shader\HLSL</Filter>
    </FxCompile>
    <FxCompile Include="..\GameClient\GameClient\Data\Shader\Quad_VS.hlsl">
      <Filter>Shader\HLSL</Filter>
    </FxCompile>
    <FxCompile Include="..\GameClient\GameClient\Data\Shader\Light_PS.hlsl">
      <Filter>Shader\HLSL</Filter>
    </FxCompile>
  </ItemGroup>
  <ItemGroup>
    <None Include="..\GameClient\GameClient\Data\Shader\LightHeader.hlsli">
      <Filter>Shader\HLSL</Filter>
    </None>
  </ItemGroup>
</Project>