<?xml version="1.0" encoding="utf-8"?>
<Project ToolsVersion="4.0" xmlns="http://schemas.microsoft.com/developer/msbuild/2003">
  <ItemGroup>
    <Filter Include="etc">
      <UniqueIdentifier>{19422ae6-4be9-4712-bf82-7ffcc3c0edb8}</UniqueIdentifier>
    </Filter>
    <Filter Include="GameClient">
      <UniqueIdentifier>{6167f8d7-c4ac-4349-aba5-56d81236bc39}</UniqueIdentifier>
    </Filter>
    <Filter Include="pch">
      <UniqueIdentifier>{2643f422-40fb-4a89-b8b4-5b3714805363}</UniqueIdentifier>
    </Filter>
    <Filter Include="GameProcess">
      <UniqueIdentifier>{e7d71e46-0257-4757-bc9f-f945bbcc6c89}</UniqueIdentifier>
    </Filter>
    <Filter Include="Manager">
      <UniqueIdentifier>{dadc5a37-f639-4560-a1b5-6f1dc82d3a96}</UniqueIdentifier>
    </Filter>
    <Filter Include="Scene">
      <UniqueIdentifier>{db568e0c-a7cf-44cc-9abb-c710f642a8db}</UniqueIdentifier>
    </Filter>
    <Filter Include="Scripts">
      <UniqueIdentifier>{5395d781-2754-4282-8dd2-7f2a51511afe}</UniqueIdentifier>
    </Filter>
    <Filter Include="Prefab">
      <UniqueIdentifier>{98e099a7-056e-40d5-b6ff-255da9bd885e}</UniqueIdentifier>
    </Filter>
  </ItemGroup>
  <ItemGroup>
    <ClInclude Include="framework.h">
      <Filter>etc</Filter>
    </ClInclude>
    <ClInclude Include="targetver.h">
      <Filter>etc</Filter>
    </ClInclude>
    <ClInclude Include="Resource.h">
      <Filter>etc</Filter>
    </ClInclude>
    <ClInclude Include="GameClient.h">
      <Filter>GameClient</Filter>
    </ClInclude>
    <ClInclude Include="pch.h">
      <Filter>pch</Filter>
    </ClInclude>
    <ClInclude Include="GameProcess.h">
      <Filter>GameProcess</Filter>
    </ClInclude>
    <ClInclude Include="DataManager.h">
      <Filter>Manager</Filter>
    </ClInclude>
    <ClInclude Include="TestScene.h">
      <Filter>Scene</Filter>
    </ClInclude>
    <ClInclude Include="CameraScript.h">
      <Filter>Scripts</Filter>
    </ClInclude>
    <ClInclude Include="GenjiPrefab.h">
      <Filter>Prefab</Filter>
    </ClInclude>
    <ClInclude Include="IPrefab.h">
      <Filter>Prefab</Filter>
    </ClInclude>
    <ClInclude Include="TestFBXPrefab.h">
      <Filter>Prefab</Filter>
    </ClInclude>
  </ItemGroup>
  <ItemGroup>
    <Image Include="GameClient.ico">
      <Filter>etc</Filter>
    </Image>
    <Image Include="small.ico">
      <Filter>etc</Filter>
    </Image>
  </ItemGroup>
  <ItemGroup>
    <ResourceCompile Include="GameClient.rc">
      <Filter>etc</Filter>
    </ResourceCompile>
  </ItemGroup>
  <ItemGroup>
    <ClCompile Include="GameClient.cpp">
      <Filter>GameClient</Filter>
    </ClCompile>
    <ClCompile Include="pch.cpp">
      <Filter>pch</Filter>
    </ClCompile>
    <ClCompile Include="GameProcess.cpp">
      <Filter>GameProcess</Filter>
    </ClCompile>
    <ClCompile Include="DataManager.cpp">
      <Filter>Manager</Filter>
    </ClCompile>
    <ClCompile Include="TestScene.cpp">
      <Filter>Scene</Filter>
    </ClCompile>
    <ClCompile Include="CameraScript.cpp">
      <Filter>Scripts</Filter>
    </ClCompile>
    <ClCompile Include="GenjiPrefab.cpp">
      <Filter>Prefab</Filter>
    </ClCompile>
    <ClCompile Include="IPrefab.cpp">
      <Filter>Prefab</Filter>
    </ClCompile>
    <ClCompile Include="TestFBXPrefab.cpp">
      <Filter>Prefab</Filter>
    </ClCompile>
  </ItemGroup>
</Project>